
Microsoft Visual Studio Solution File, Format Version 12.00
# Visual Studio 2013
VisualStudioVersion = 12.0.21005.1
MinimumVisualStudioVersion = 10.0.40219.1
Project("{FAE04EC0-301F-11D3-BF4B-00C04F79EFBC}") = "CapaPersistencia", "CapaPersistencia\CapaPersistencia.csproj", "{FE44A039-DD7F-4BF9-B891-BF2141998B3A}"
EndProject
Project("{FAE04EC0-301F-11D3-BF4B-00C04F79EFBC}") = "CapaDominio", "CapaDominio\CapaDominio.csproj", "{5DF4D1A8-64CE-48D4-929D-6E19D8AC5A84}"
EndProject
Project("{FAE04EC0-301F-11D3-BF4B-00C04F79EFBC}") = "CapaAplicacion", "CapaAplicacion\CapaAplicacion.csproj", "{35BDD8B3-9BBD-40D0-A712-88A524D09D9A}"
EndProject
Project("{2150E333-8FDC-42A3-9474-1A3956D46DE8}") = "CapaPresentacion", "CapaPresentacion", "{BBF5E972-E1B6-4DDB-8D80-E0CD4CCB67B6}"
EndProject
Project("{FAE04EC0-301F-11D3-BF4B-00C04F79EFBC}") = "PresentacionWPF", "PresentacionWPF\PresentacionWPF.csproj", "{37B130F3-3813-4FA1-B5F7-3C4701466E4B}"
EndProject
Project("{FAE04EC0-301F-11D3-BF4B-00C04F79EFBC}") = "PresentacionWinForms", "PresentacionWinForms\PresentacionWinForms.csproj", "{54D5146F-705B-457A-86C3-BD3BF9DB9DF4}"
EndProject
Project("{FAE04EC0-301F-11D3-BF4B-00C04F79EFBC}") = "PresentacionWeb", "PresentacionWeb\PresentacionWeb.csproj", "{E7BA3E05-410E-453E-9FC1-165EC0602CBC}"
EndProject
Global
	GlobalSection(TeamFoundationVersionControl) = preSolution
		SccNumberOfProjects = 7
		SccEnterpriseProvider = {4CA58AB2-18FA-4F8D-95D4-32DDF27D184C}
		SccTeamFoundationServer = https://codcafein.visualstudio.com/
		SccLocalPath0 = .
		SccProjectUniqueName1 = CapaAplicacion\\CapaAplicacion.csproj
		SccProjectName1 = CapaAplicacion
		SccLocalPath1 = CapaAplicacion
		SccProjectUniqueName2 = CapaDominio\\CapaDominio.csproj
		SccProjectName2 = CapaDominio
		SccLocalPath2 = CapaDominio
		SccProjectUniqueName3 = CapaPersistencia\\CapaPersistencia.csproj
		SccProjectName3 = CapaPersistencia
		SccLocalPath3 = CapaPersistencia
		SccProjectUniqueName4 = PresentacionWeb\\PresentacionWeb.csproj
		SccProjectTopLevelParentUniqueName4 = VentaPasajes.sln
		SccProjectName4 = PresentacionWeb
		SccLocalPath4 = PresentacionWeb
		SccProjectUniqueName5 = PresentacionWinForms\\PresentacionWinForms.csproj
		SccProjectTopLevelParentUniqueName5 = VentaPasajes.sln
		SccProjectName5 = PresentacionWinForms
		SccLocalPath5 = PresentacionWinForms
		SccProjectUniqueName6 = PresentacionWPF\\PresentacionWPF.csproj
		SccProjectTopLevelParentUniqueName6 = VentaPasajes.sln
		SccProjectName6 = PresentacionWPF
		SccLocalPath6 = PresentacionWPF
	EndGlobalSection
	GlobalSection(SolutionConfigurationPlatforms) = preSolution
		Debug|Any CPU = Debug|Any CPU
		Release|Any CPU = Release|Any CPU
	EndGlobalSection
	GlobalSection(ProjectConfigurationPlatforms) = postSolution
		{FE44A039-DD7F-4BF9-B891-BF2141998B3A}.Debug|Any CPU.ActiveCfg = Debug|Any CPU
		{FE44A039-DD7F-4BF9-B891-BF2141998B3A}.Debug|Any CPU.Build.0 = Debug|Any CPU
		{FE44A039-DD7F-4BF9-B891-BF2141998B3A}.Release|Any CPU.ActiveCfg = Release|Any CPU
		{FE44A039-DD7F-4BF9-B891-BF2141998B3A}.Release|Any CPU.Build.0 = Release|Any CPU
		{5DF4D1A8-64CE-48D4-929D-6E19D8AC5A84}.Debug|Any CPU.ActiveCfg = Debug|Any CPU
		{5DF4D1A8-64CE-48D4-929D-6E19D8AC5A84}.Debug|Any CPU.Build.0 = Debug|Any CPU
		{5DF4D1A8-64CE-48D4-929D-6E19D8AC5A84}.Release|Any CPU.ActiveCfg = Release|Any CPU
		{5DF4D1A8-64CE-48D4-929D-6E19D8AC5A84}.Release|Any CPU.Build.0 = Release|Any CPU
		{35BDD8B3-9BBD-40D0-A712-88A524D09D9A}.Debug|Any CPU.ActiveCfg = Debug|Any CPU
		{35BDD8B3-9BBD-40D0-A712-88A524D09D9A}.Debug|Any CPU.Build.0 = Debug|Any CPU
		{35BDD8B3-9BBD-40D0-A712-88A524D09D9A}.Release|Any CPU.ActiveCfg = Release|Any CPU
		{35BDD8B3-9BBD-40D0-A712-88A524D09D9A}.Release|Any CPU.Build.0 = Release|Any CPU
		{37B130F3-3813-4FA1-B5F7-3C4701466E4B}.Debug|Any CPU.ActiveCfg = Debug|Any CPU
		{37B130F3-3813-4FA1-B5F7-3C4701466E4B}.Debug|Any CPU.Build.0 = Debug|Any CPU
		{37B130F3-3813-4FA1-B5F7-3C4701466E4B}.Release|Any CPU.ActiveCfg = Release|Any CPU
		{37B130F3-3813-4FA1-B5F7-3C4701466E4B}.Release|Any CPU.Build.0 = Release|Any CPU
		{54D5146F-705B-457A-86C3-BD3BF9DB9DF4}.Debug|Any CPU.ActiveCfg = Debug|Any CPU
		{54D5146F-705B-457A-86C3-BD3BF9DB9DF4}.Debug|Any CPU.Build.0 = Debug|Any CPU
		{54D5146F-705B-457A-86C3-BD3BF9DB9DF4}.Release|Any CPU.ActiveCfg = Release|Any CPU
		{54D5146F-705B-457A-86C3-BD3BF9DB9DF4}.Release|Any CPU.Build.0 = Release|Any CPU
		{E7BA3E05-410E-453E-9FC1-165EC0602CBC}.Debug|Any CPU.ActiveCfg = Debug|Any CPU
		{E7BA3E05-410E-453E-9FC1-165EC0602CBC}.Debug|Any CPU.Build.0 = Debug|Any CPU
		{E7BA3E05-410E-453E-9FC1-165EC0602CBC}.Release|Any CPU.ActiveCfg = Release|Any CPU
		{E7BA3E05-410E-453E-9FC1-165EC0602CBC}.Release|Any CPU.Build.0 = Release|Any CPU
	EndGlobalSection
	GlobalSection(SolutionProperties) = preSolution
		HideSolutionNode = FALSE
	EndGlobalSection
	GlobalSection(NestedProjects) = preSolution
		{37B130F3-3813-4FA1-B5F7-3C4701466E4B} = {BBF5E972-E1B6-4DDB-8D80-E0CD4CCB67B6}
		{54D5146F-705B-457A-86C3-BD3BF9DB9DF4} = {BBF5E972-E1B6-4DDB-8D80-E0CD4CCB67B6}
		{E7BA3E05-410E-453E-9FC1-165EC0602CBC} = {BBF5E972-E1B6-4DDB-8D80-E0CD4CCB67B6}
	EndGlobalSection
EndGlobal
